
Microsoft Visual Studio Solution File, Format Version 12.00
# Visual Studio Version 17
VisualStudioVersion = 17.8.34511.84
MinimumVisualStudioVersion = 10.0.40219.1
Project("{FAE04EC0-301F-11D3-BF4B-00C04F79EFBC}") = "BTH_BUOI1", "BTH_BUOI1.csproj", "{51ECEC9E-141F-4F60-8BD3-720CA4B2FC9F}"
EndProject
Global
	GlobalSection(SolutionConfigurationPlatforms) = preSolution
		Debug|Any CPU = Debug|Any CPU
		Release|Any CPU = Release|Any CPU
	EndGlobalSection
	GlobalSection(ProjectConfigurationPlatforms) = postSolution
		{51ECEC9E-141F-4F60-8BD3-720CA4B2FC9F}.Debug|Any CPU.ActiveCfg = Debug|Any CPU
		{51ECEC9E-141F-4F60-8BD3-720CA4B2FC9F}.Debug|Any CPU.Build.0 = Debug|Any CPU
		{51ECEC9E-141F-4F60-8BD3-720CA4B2FC9F}.Release|Any CPU.ActiveCfg = Release|Any CPU
		{51ECEC9E-141F-4F60-8BD3-720CA4B2FC9F}.Release|Any CPU.Build.0 = Release|Any CPU
	EndGlobalSection
	GlobalSection(SolutionProperties) = preSolution
		HideSolutionNode = FALSE
	EndGlobalSection
	GlobalSection(ExtensibilityGlobals) = postSolution
		SolutionGuid = {A962AF36-27AA-4493-9D51-A1D30AD0891D}
	EndGlobalSection
EndGlobal
